
Microsoft Visual Studio Solution File, Format Version 12.00
# Visual Studio Version 16
VisualStudioVersion = 16.0.29102.190
MinimumVisualStudioVersion = 10.0.40219.1
Project("{FAE04EC0-301F-11D3-BF4B-00C04F79EFBC}") = "Project", "Project\Project.csproj", "{7256D83B-9FE8-42BA-8A84-C7E011CD692A}"
EndProject
Project("{54435603-DBB4-11D2-8724-00A0C9A8B90C}") = "Kiosk For RMUTI Internet Account Service", "Kiosk For RMUTI Internet Account Service\Kiosk For RMUTI Internet Account Service.vdproj", "{4AB8528B-813D-48E4-A206-0791D28462B4}"
EndProject
Global
	GlobalSection(SolutionConfigurationPlatforms) = preSolution
		Debug|Any CPU = Debug|Any CPU
		Release|Any CPU = Release|Any CPU
		release-40|Any CPU = release-40|Any CPU
		release-45|Any CPU = release-45|Any CPU
		release-452|Any CPU = release-452|Any CPU
		release-46|Any CPU = release-46|Any CPU
		release-461|Any CPU = release-461|Any CPU
	EndGlobalSection
	GlobalSection(ProjectConfigurationPlatforms) = postSolution
		{7256D83B-9FE8-42BA-8A84-C7E011CD692A}.Debug|Any CPU.ActiveCfg = Debug|Any CPU
		{7256D83B-9FE8-42BA-8A84-C7E011CD692A}.Debug|Any CPU.Build.0 = Debug|Any CPU
		{7256D83B-9FE8-42BA-8A84-C7E011CD692A}.Release|Any CPU.ActiveCfg = Release|Any CPU
		{7256D83B-9FE8-42BA-8A84-C7E011CD692A}.Release|Any CPU.Build.0 = Release|Any CPU
		{7256D83B-9FE8-42BA-8A84-C7E011CD692A}.release-40|Any CPU.ActiveCfg = Release|Any CPU
		{7256D83B-9FE8-42BA-8A84-C7E011CD692A}.release-40|Any CPU.Build.0 = Release|Any CPU
		{7256D83B-9FE8-42BA-8A84-C7E011CD692A}.release-45|Any CPU.ActiveCfg = Release|Any CPU
		{7256D83B-9FE8-42BA-8A84-C7E011CD692A}.release-45|Any CPU.Build.0 = Release|Any CPU
		{7256D83B-9FE8-42BA-8A84-C7E011CD692A}.release-452|Any CPU.ActiveCfg = Release|Any CPU
		{7256D83B-9FE8-42BA-8A84-C7E011CD692A}.release-452|Any CPU.Build.0 = Release|Any CPU
		{7256D83B-9FE8-42BA-8A84-C7E011CD692A}.release-46|Any CPU.ActiveCfg = Release|Any CPU
		{7256D83B-9FE8-42BA-8A84-C7E011CD692A}.release-46|Any CPU.Build.0 = Release|Any CPU
		{7256D83B-9FE8-42BA-8A84-C7E011CD692A}.release-461|Any CPU.ActiveCfg = Release|Any CPU
		{7256D83B-9FE8-42BA-8A84-C7E011CD692A}.release-461|Any CPU.Build.0 = Release|Any CPU
		{4AB8528B-813D-48E4-A206-0791D28462B4}.Debug|Any CPU.ActiveCfg = Debug
		{4AB8528B-813D-48E4-A206-0791D28462B4}.Release|Any CPU.ActiveCfg = Release
		{4AB8528B-813D-48E4-A206-0791D28462B4}.release-40|Any CPU.ActiveCfg = Release
		{4AB8528B-813D-48E4-A206-0791D28462B4}.release-45|Any CPU.ActiveCfg = Release
		{4AB8528B-813D-48E4-A206-0791D28462B4}.release-452|Any CPU.ActiveCfg = Release
		{4AB8528B-813D-48E4-A206-0791D28462B4}.release-46|Any CPU.ActiveCfg = Release
		{4AB8528B-813D-48E4-A206-0791D28462B4}.release-461|Any CPU.ActiveCfg = Release
	EndGlobalSection
	GlobalSection(SolutionProperties) = preSolution
		HideSolutionNode = FALSE
	EndGlobalSection
	GlobalSection(ExtensibilityGlobals) = postSolution
		SolutionGuid = {8812A010-33EC-45CA-8B7C-9A5AA31165EF}
	EndGlobalSection
EndGlobal
